
Microsoft Visual Studio Solution File, Format Version 12.00
# Visual Studio Version 17
VisualStudioVersion = 17.11.35303.130
MinimumVisualStudioVersion = 10.0.40219.1
Project("{FAE04EC0-301F-11D3-BF4B-00C04F79EFBC}") = "mojaDrugaVjezba", "mojaDrugaVjezba\mojaDrugaVjezba.csproj", "{CEAF4B25-C6DE-40ED-82ED-B0AD3FFAE145}"
EndProject
Global
	GlobalSection(SolutionConfigurationPlatforms) = preSolution
		Debug|Any CPU = Debug|Any CPU
		Release|Any CPU = Release|Any CPU
	EndGlobalSection
	GlobalSection(ProjectConfigurationPlatforms) = postSolution
		{CEAF4B25-C6DE-40ED-82ED-B0AD3FFAE145}.Debug|Any CPU.ActiveCfg = Debug|Any CPU
		{CEAF4B25-C6DE-40ED-82ED-B0AD3FFAE145}.Debug|Any CPU.Build.0 = Debug|Any CPU
		{CEAF4B25-C6DE-40ED-82ED-B0AD3FFAE145}.Release|Any CPU.ActiveCfg = Release|Any CPU
		{CEAF4B25-C6DE-40ED-82ED-B0AD3FFAE145}.Release|Any CPU.Build.0 = Release|Any CPU
	EndGlobalSection
	GlobalSection(SolutionProperties) = preSolution
		HideSolutionNode = FALSE
	EndGlobalSection
	GlobalSection(ExtensibilityGlobals) = postSolution
		SolutionGuid = {FCDF2D0C-1DDD-4F7D-81D3-B8591E077DA6}
	EndGlobalSection
EndGlobal
